
Microsoft Visual Studio Solution File, Format Version 12.00
# Visual Studio Version 17
VisualStudioVersion = 17.7.34018.315
MinimumVisualStudioVersion = 10.0.40219.1
Project("{FAE04EC0-301F-11D3-BF4B-00C04F79EFBC}") = "Uppgift 3.3", "Uppgift 3.3\Uppgift 3.3.csproj", "{CAAD643D-F5B7-472D-BE75-97F3CD1F9D2D}"
EndProject
Global
	GlobalSection(SolutionConfigurationPlatforms) = preSolution
		Debug|Any CPU = Debug|Any CPU
		Release|Any CPU = Release|Any CPU
	EndGlobalSection
	GlobalSection(ProjectConfigurationPlatforms) = postSolution
		{CAAD643D-F5B7-472D-BE75-97F3CD1F9D2D}.Debug|Any CPU.ActiveCfg = Debug|Any CPU
		{CAAD643D-F5B7-472D-BE75-97F3CD1F9D2D}.Debug|Any CPU.Build.0 = Debug|Any CPU
		{CAAD643D-F5B7-472D-BE75-97F3CD1F9D2D}.Release|Any CPU.ActiveCfg = Release|Any CPU
		{CAAD643D-F5B7-472D-BE75-97F3CD1F9D2D}.Release|Any CPU.Build.0 = Release|Any CPU
	EndGlobalSection
	GlobalSection(SolutionProperties) = preSolution
		HideSolutionNode = FALSE
	EndGlobalSection
	GlobalSection(ExtensibilityGlobals) = postSolution
		SolutionGuid = {03D13A14-0761-4465-91DB-253437436A95}
	EndGlobalSection
EndGlobal
